
Microsoft Visual Studio Solution File, Format Version 12.00
# Visual Studio Version 16
VisualStudioVersion = 16.0.31402.337
MinimumVisualStudioVersion = 10.0.40219.1
Project("{9A19103F-16F7-4668-BE54-9A1E7A4F7556}") = "LilFranklinsTreats", "LilFranklinsTreats\LilFranklinsTreats.csproj", "{2070978D-AEB7-49F5-B1C2-A36416E0A286}"
EndProject
Project("{9A19103F-16F7-4668-BE54-9A1E7A4F7556}") = "LilFranklinsTreats.DataAccess", "LilFranklinsTreats.DataAccess\LilFranklinsTreats.DataAccess.csproj", "{B6249E9E-2B9B-4BAE-B855-E8DE9BDF6B3B}"
EndProject
Project("{9A19103F-16F7-4668-BE54-9A1E7A4F7556}") = "LilFranklinsTreats.Utility", "LilFranklinsTreats.Utility\LilFranklinsTreats.Utility.csproj", "{2243105C-C160-4588-82B0-884F4AE2ABC3}"
EndProject
Project("{9A19103F-16F7-4668-BE54-9A1E7A4F7556}") = "LilFranklinsTreats.Models", "LilFranklinsTreats.Models\LilFranklinsTreats.Models.csproj", "{DBEA9E7E-34AB-4AFD-B06B-BDAD3511B94A}"
EndProject
Global
	GlobalSection(SolutionConfigurationPlatforms) = preSolution
		Debug|Any CPU = Debug|Any CPU
		Release|Any CPU = Release|Any CPU
	EndGlobalSection
	GlobalSection(ProjectConfigurationPlatforms) = postSolution
		{2070978D-AEB7-49F5-B1C2-A36416E0A286}.Debug|Any CPU.ActiveCfg = Debug|Any CPU
		{2070978D-AEB7-49F5-B1C2-A36416E0A286}.Debug|Any CPU.Build.0 = Debug|Any CPU
		{2070978D-AEB7-49F5-B1C2-A36416E0A286}.Release|Any CPU.ActiveCfg = Release|Any CPU
		{2070978D-AEB7-49F5-B1C2-A36416E0A286}.Release|Any CPU.Build.0 = Release|Any CPU
		{B6249E9E-2B9B-4BAE-B855-E8DE9BDF6B3B}.Debug|Any CPU.ActiveCfg = Debug|Any CPU
		{B6249E9E-2B9B-4BAE-B855-E8DE9BDF6B3B}.Debug|Any CPU.Build.0 = Debug|Any CPU
		{B6249E9E-2B9B-4BAE-B855-E8DE9BDF6B3B}.Release|Any CPU.ActiveCfg = Release|Any CPU
		{B6249E9E-2B9B-4BAE-B855-E8DE9BDF6B3B}.Release|Any CPU.Build.0 = Release|Any CPU
		{2243105C-C160-4588-82B0-884F4AE2ABC3}.Debug|Any CPU.ActiveCfg = Debug|Any CPU
		{2243105C-C160-4588-82B0-884F4AE2ABC3}.Debug|Any CPU.Build.0 = Debug|Any CPU
		{2243105C-C160-4588-82B0-884F4AE2ABC3}.Release|Any CPU.ActiveCfg = Release|Any CPU
		{2243105C-C160-4588-82B0-884F4AE2ABC3}.Release|Any CPU.Build.0 = Release|Any CPU
		{DBEA9E7E-34AB-4AFD-B06B-BDAD3511B94A}.Debug|Any CPU.ActiveCfg = Debug|Any CPU
		{DBEA9E7E-34AB-4AFD-B06B-BDAD3511B94A}.Debug|Any CPU.Build.0 = Debug|Any CPU
		{DBEA9E7E-34AB-4AFD-B06B-BDAD3511B94A}.Release|Any CPU.ActiveCfg = Release|Any CPU
		{DBEA9E7E-34AB-4AFD-B06B-BDAD3511B94A}.Release|Any CPU.Build.0 = Release|Any CPU
	EndGlobalSection
	GlobalSection(SolutionProperties) = preSolution
		HideSolutionNode = FALSE
	EndGlobalSection
	GlobalSection(ExtensibilityGlobals) = postSolution
		SolutionGuid = {6407689B-4B81-4307-9D57-EF82498F638C}
	EndGlobalSection
EndGlobal
